{
    "_meta": {
        "hash": {
            "sha256": "bdb4080eef242ea552c88e46fe1ac895bc800c85c164c7105e89edc5eccf6b0c"
        },
        "pipfile-spec": 6,
        "requires": {
            "python_version": "3.12"
        },
        "sources": [
            {
                "name": "pypi",
                "url": "https://pypi.org/simple",
                "verify_ssl": true
            }
        ]
    },
    "default": {},
    "develop": {
        "absl-py": {
            "hashes": [
                "sha256:a97820526f7fbfd2ec1bce83f3f25e3a14840dac0d8e02a0b71cd75db3f77fc9",
                "sha256:eeecf07f0c2a93ace0772c92e596ace6d3d3996c042b2128459aaae2a76de11d"
            ],
            "markers": "python_version >= '3.8'",
            "version": "==2.3.1"
        },
        "grpcio": {
            "hashes": [
                "sha256:052e28fe9c41357da42250a91926a3e2f74c046575c070b69659467ca5aa976b",
                "sha256:07f08705a5505c9b5b0cbcbabafb96462b5a15b7236bbf6bbcc6b0b91e1cbd7e",
                "sha256:0a9f3ea8dce9eae9d7cb36827200133a72b37a63896e0e61a9d5ec7d61a59ab1",
                "sha256:0ab860d5bfa788c5a021fba264802e2593688cd965d1374d31d2b1a34cacd854",
                "sha256:105492124828911f85127e4825d1c1234b032cb9d238567876b5515d01151379",
                "sha256:10af9f2ab98a39f5b6c1896c6fc2036744b5b41d12739d48bed4c3e15b6cf900",
                "sha256:1c0bf15f629b1497436596b1cbddddfa3234273490229ca29561209778ebe182",
                "sha256:1c502c2e950fc7e8bf05c047e8a14522ef7babac59abbfde6dbf46b7a0d9c71e",
                "sha256:24e06a5319e33041e322d32c62b1e728f18ab8c9dbc91729a3d9f9e3ed336642",
                "sha256:277b426a0ed341e8447fbf6c1d6b68c952adddf585ea4685aa563de0f03df887",
                "sha256:2d70f4ddd0a823436c2624640570ed6097e40935c9194482475fe8e3d9754d55",
                "sha256:303c8135d8ab176f8038c14cc10d698ae1db9c480f2b2823f7a987aa2a4c5646",
                "sha256:3841a8a5a66830261ab6a3c2a3dc539ed84e4ab019165f77b3eeb9f0ba621f26",
                "sha256:42f0660bce31b745eb9d23f094a332d31f210dcadd0fc8e5be7e4c62a87ce86b",
                "sha256:45cf17dcce5ebdb7b4fe9e86cb338fa99d7d1bb71defc78228e1ddf8d0de8cbb",
                "sha256:4a68f8c9966b94dff693670a5cf2b54888a48a5011c5d9ce2295a1a1465ee84f",
                "sha256:5b9b1805a7d61c9e90541cbe8dfe0a593dfc8c5c3a43fe623701b6a01b01d710",
                "sha256:610e19b04f452ba6f402ac9aa94eb3d21fbc94553368008af634812c4a85a99e",
                "sha256:628c30f8e77e0258ab788750ec92059fc3d6628590fb4b7cea8c102503623ed7",
                "sha256:65b0458a10b100d815a8426b1442bd17001fdb77ea13665b2f7dc9e8587fdc6b",
                "sha256:67a0468256c9db6d5ecb1fde4bf409d016f42cef649323f0a08a72f352d1358b",
                "sha256:686231cdd03a8a8055f798b2b54b19428cdf18fa1549bee92249b43607c42668",
                "sha256:68b84d65bbdebd5926eb5c53b0b9ec3b3f83408a30e4c20c373c5337b4219ec5",
                "sha256:6957025a4608bb0a5ff42abd75bfbb2ed99eda29d5992ef31d691ab54b753643",
                "sha256:6a2b372e65fad38842050943f42ce8fee00c6f2e8ea4f7754ba7478d26a356ee",
                "sha256:6a6037891cd2b1dd1406b388660522e1565ed340b1fea2955b0234bdd941a862",
                "sha256:6abfc0f9153dc4924536f40336f88bd4fe7bd7494f028675e2e04291b8c2c62a",
                "sha256:75fc8e543962ece2f7ecd32ada2d44c0c8570ae73ec92869f9af8b944863116d",
                "sha256:7fce2cd1c0c1116cf3850564ebfc3264fba75d3c74a7414373f1238ea365ef87",
                "sha256:83a6c2cce218e28f5040429835fa34a29319071079e3169f9543c3fbeff166d2",
                "sha256:89018866a096e2ce21e05eabed1567479713ebe57b1db7cbb0f1e3b896793ba4",
                "sha256:8f5a6df3fba31a3485096ac85b2e34b9666ffb0590df0cd044f58694e6a1f6b5",
                "sha256:921b25618b084e75d424a9f8e6403bfeb7abef074bb6c3174701e0f2542debcf",
                "sha256:96c112333309493c10e118d92f04594f9055774757f5d101b39f8150f8c25582",
                "sha256:ad1d958c31cc91ab050bd8a91355480b8e0683e21176522bacea225ce51163f2",
                "sha256:ad5c958cc3d98bb9d71714dc69f1c13aaf2f4b53e29d4cc3f1501ef2e4d129b2",
                "sha256:b310824ab5092cf74750ebd8a8a8981c1810cb2b363210e70d06ef37ad80d4f9",
                "sha256:b3215f69a0670a8cfa2ab53236d9e8026bfb7ead5d4baabe7d7dc11d30fda967",
                "sha256:b4adc97d2d7f5c660a5498bda978ebb866066ad10097265a5da0511323ae9f50",
                "sha256:ba2cea9f7ae4bc21f42015f0ec98f69ae4179848ad744b210e7685112fa507a1",
                "sha256:bc5eccfd9577a5dc7d5612b2ba90cca4ad14c6d949216c68585fdec9848befb1",
                "sha256:c45a28a0cfb6ddcc7dc50a29de44ecac53d115c3388b2782404218db51cb2df3",
                "sha256:c54796ca22b8349cc594d18b01099e39f2b7ffb586ad83217655781a350ce4da",
                "sha256:cce7265b9617168c2d08ae570fcc2af4eaf72e84f8c710ca657cc546115263af",
                "sha256:d60588ab6ba0ac753761ee0e5b30a29398306401bfbceffe7d68ebb21193f9d4",
                "sha256:d74c3f4f37b79e746271aa6cdb3a1d7e4432aea38735542b23adcabaaee0c097",
                "sha256:dc7d7fd520614fce2e6455ba89791458020a39716951c7c07694f9dbae28e9c0",
                "sha256:de18769aea47f18e782bf6819a37c1c528914bfd5683b8782b9da356506190c8",
                "sha256:ed451a0e39c8e51eb1612b78686839efd1a920666d1666c1adfdb4fd51680c0f",
                "sha256:f43ffb3bd415c57224c7427bfb9e6c46a0b6e998754bfa0d00f408e1873dcbb5",
                "sha256:f48e862aed925ae987eb7084409a80985de75243389dc9d9c271dd711e589918"
            ],
            "markers": "python_version >= '3.9'",
            "version": "==1.73.1"
        },
        "markdown": {
            "hashes": [
                "sha256:247b9a70dd12e27f67431ce62523e675b866d254f900c4fe75ce3dda62237c45",
                "sha256:5c83764dbd4e00bdd94d85a19b8d55ccca20fe35b2e678a1422b380324dd5f24"
            ],
            "markers": "python_version >= '3.9'",
            "version": "==3.8.2"
        },
        "markupsafe": {
            "hashes": [
                "sha256:0bff5e0ae4ef2e1ae4fdf2dfd5b76c75e5c2fa4132d05fc1b0dabcd20c7e28c4",
                "sha256:0f4ca02bea9a23221c0182836703cbf8930c5e9454bacce27e767509fa286a30",
                "sha256:1225beacc926f536dc82e45f8a4d68502949dc67eea90eab715dea3a21c1b5f0",
                "sha256:131a3c7689c85f5ad20f9f6fb1b866f402c445b220c19fe4308c0b147ccd2ad9",
                "sha256:15ab75ef81add55874e7ab7055e9c397312385bd9ced94920f2802310c930396",
                "sha256:1a9d3f5f0901fdec14d8d2f66ef7d035f2157240a433441719ac9a3fba440b13",
                "sha256:1c99d261bd2d5f6b59325c92c73df481e05e57f19837bdca8413b9eac4bd8028",
                "sha256:1e084f686b92e5b83186b07e8a17fc09e38fff551f3602b249881fec658d3eca",
                "sha256:2181e67807fc2fa785d0592dc2d6206c019b9502410671cc905d132a92866557",
                "sha256:2cb8438c3cbb25e220c2ab33bb226559e7afb3baec11c4f218ffa7308603c832",
                "sha256:3169b1eefae027567d1ce6ee7cae382c57fe26e82775f460f0b2778beaad66c0",
                "sha256:3809ede931876f5b2ec92eef964286840ed3540dadf803dd570c3b7e13141a3b",
                "sha256:38a9ef736c01fccdd6600705b09dc574584b89bea478200c5fbf112a6b0d5579",
                "sha256:3d79d162e7be8f996986c064d1c7c817f6df3a77fe3d6859f6f9e7be4b8c213a",
                "sha256:444dcda765c8a838eaae23112db52f1efaf750daddb2d9ca300bcae1039adc5c",
                "sha256:48032821bbdf20f5799ff537c7ac3d1fba0ba032cfc06194faffa8cda8b560ff",
                "sha256:4aa4e5faecf353ed117801a068ebab7b7e09ffb6e1d5e412dc852e0da018126c",
                "sha256:52305740fe773d09cffb16f8ed0427942901f00adedac82ec8b67752f58a1b22",
                "sha256:569511d3b58c8791ab4c2e1285575265991e6d8f8700c7be0e88f86cb0672094",
                "sha256:57cb5a3cf367aeb1d316576250f65edec5bb3be939e9247ae594b4bcbc317dfb",
                "sha256:5b02fb34468b6aaa40dfc198d813a641e3a63b98c2b05a16b9f80b7ec314185e",
                "sha256:6381026f158fdb7c72a168278597a5e3a5222e83ea18f543112b2662a9b699c5",
                "sha256:6af100e168aa82a50e186c82875a5893c5597a0c1ccdb0d8b40240b1f28b969a",
                "sha256:6c89876f41da747c8d3677a2b540fb32ef5715f97b66eeb0c6b66f5e3ef6f59d",
                "sha256:6e296a513ca3d94054c2c881cc913116e90fd030ad1c656b3869762b754f5f8a",
                "sha256:70a87b411535ccad5ef2f1df5136506a10775d267e197e4cf531ced10537bd6b",
                "sha256:7e94c425039cde14257288fd61dcfb01963e658efbc0ff54f5306b06054700f8",
                "sha256:846ade7b71e3536c4e56b386c2a47adf5741d2d8b94ec9dc3e92e5e1ee1e2225",
                "sha256:88416bd1e65dcea10bc7569faacb2c20ce071dd1f87539ca2ab364bf6231393c",
                "sha256:88b49a3b9ff31e19998750c38e030fc7bb937398b1f78cfa599aaef92d693144",
                "sha256:8c4e8c3ce11e1f92f6536ff07154f9d49677ebaaafc32db9db4620bc11ed480f",
                "sha256:8e06879fc22a25ca47312fbe7c8264eb0b662f6db27cb2d3bbbc74b1df4b9b87",
                "sha256:9025b4018f3a1314059769c7bf15441064b2207cb3f065e6ea1e7359cb46db9d",
                "sha256:93335ca3812df2f366e80509ae119189886b0f3c2b81325d39efdb84a1e2ae93",
                "sha256:9778bd8ab0a994ebf6f84c2b949e65736d5575320a17ae8984a77fab08db94cf",
                "sha256:9e2d922824181480953426608b81967de705c3cef4d1af983af849d7bd619158",
                "sha256:a123e330ef0853c6e822384873bef7507557d8e4a082961e1defa947aa59ba84",
                "sha256:a904af0a6162c73e3edcb969eeeb53a63ceeb5d8cf642fade7d39e7963a22ddb",
                "sha256:ad10d3ded218f1039f11a75f8091880239651b52e9bb592ca27de44eed242a48",
                "sha256:b424c77b206d63d500bcb69fa55ed8d0e6a3774056bdc4839fc9298a7edca171",
                "sha256:b5a6b3ada725cea8a5e634536b1b01c30bcdcd7f9c6fff4151548d5bf6b3a36c",
                "sha256:ba8062ed2cf21c07a9e295d5b8a2a5ce678b913b45fdf68c32d95d6c1291e0b6",
                "sha256:ba9527cdd4c926ed0760bc301f6728ef34d841f405abf9d4f959c478421e4efd",
                "sha256:bbcb445fa71794da8f178f0f6d66789a28d7319071af7a496d4d507ed566270d",
                "sha256:bcf3e58998965654fdaff38e58584d8937aa3096ab5354d493c77d1fdd66d7a1",
                "sha256:c0ef13eaeee5b615fb07c9a7dadb38eac06a0608b41570d8ade51c56539e509d",
                "sha256:cabc348d87e913db6ab4aa100f01b08f481097838bdddf7c7a84b7575b7309ca",
                "sha256:cdb82a876c47801bb54a690c5ae105a46b392ac6099881cdfb9f6e95e4014c6a",
                "sha256:cfad01eed2c2e0c01fd0ecd2ef42c492f7f93902e39a42fc9ee1692961443a29",
                "sha256:d16a81a06776313e817c951135cf7340a3e91e8c1ff2fac444cfd75fffa04afe",
                "sha256:d8213e09c917a951de9d09ecee036d5c7d36cb6cb7dbaece4c71a60d79fb9798",
                "sha256:e07c3764494e3776c602c1e78e298937c3315ccc9043ead7e685b7f2b8d47b3c",
                "sha256:e17c96c14e19278594aa4841ec148115f9c7615a47382ecb6b82bd8fea3ab0c8",
                "sha256:e444a31f8db13eb18ada366ab3cf45fd4b31e4db1236a4448f68778c1d1a5a2f",
                "sha256:e6a2a455bd412959b57a172ce6328d2dd1f01cb2135efda2e4576e8a23fa3b0f",
                "sha256:eaa0a10b7f72326f1372a713e73c3f739b524b3af41feb43e4921cb529f5929a",
                "sha256:eb7972a85c54febfb25b5c4b4f3af4dcc731994c7da0d8a0b4a6eb0640e1d178",
                "sha256:ee55d3edf80167e48ea11a923c7386f4669df67d7994554387f84e7d8b0a2bf0",
                "sha256:f3818cb119498c0678015754eba762e0d61e5b52d34c8b13d770f0719f7b1d79",
                "sha256:f8b3d067f2e40fe93e1ccdd6b2e1d16c43140e76f02fb1319a05cf2b79d99430",
                "sha256:fcabf5ff6eea076f859677f5f0b6b5c1a51e70a376b0579e0eadef8db48c6b50"
            ],
            "markers": "python_version >= '3.9'",
            "version": "==3.0.2"
        },
        "numpy": {
            "hashes": [
                "sha256:0025048b3c1557a20bc80d06fdeb8cc7fc193721484cca82b2cfa072fec71a93",
                "sha256:010ce9b4f00d5c036053ca684c77441f2f2c934fd23bee058b4d6f196efd8280",
                "sha256:0bb3a4a61e1d327e035275d2a993c96fa786e4913aa089843e6a2d9dd205c66a",
                "sha256:0c4d9e0a8368db90f93bd192bfa771ace63137c3488d198ee21dfb8e7771916e",
                "sha256:15aa4c392ac396e2ad3d0a2680c0f0dee420f9fed14eef09bdb9450ee6dcb7b7",
                "sha256:18703df6c4a4fee55fd3d6e5a253d01c5d33a295409b03fda0c86b3ca2ff41a1",
                "sha256:1ec9ae20a4226da374362cca3c62cd753faf2f951440b0e3b98e93c235441d2b",
                "sha256:23ab05b2d241f76cb883ce8b9a93a680752fbfcbd51c50eff0b88b979e471d8c",
                "sha256:25a1992b0a3fdcdaec9f552ef10d8103186f5397ab45e2d25f8ac51b1a6b97e8",
                "sha256:2959d8f268f3d8ee402b04a9ec4bb7604555aeacf78b360dc4ec27f1d508177d",
                "sha256:2a809637460e88a113e186e87f228d74ae2852a2e0c44de275263376f17b5bdc",
                "sha256:2fb86b7e58f9ac50e1e9dd1290154107e47d1eef23a0ae9145ded06ea606f992",
                "sha256:36890eb9e9d2081137bd78d29050ba63b8dab95dff7912eadf1185e80074b2a0",
                "sha256:39bff12c076812595c3a306f22bfe49919c5513aa1e0e70fac756a0be7c2a2b8",
                "sha256:467db865b392168ceb1ef1ffa6f5a86e62468c43e0cfb4ab6da667ede10e58db",
                "sha256:4e602e1b8682c2b833af89ba641ad4176053aaa50f5cacda1a27004352dde943",
                "sha256:5902660491bd7a48b2ec16c23ccb9124b8abfd9583c5fdfa123fe6b421e03de1",
                "sha256:5ccb7336eaf0e77c1635b232c141846493a588ec9ea777a7c24d7166bb8533ae",
                "sha256:5f1b8f26d1086835f442286c1d9b64bb3974b0b1e41bb105358fd07d20872952",
                "sha256:6269b9edfe32912584ec496d91b00b6d34282ca1d07eb10e82dfc780907d6c2e",
                "sha256:6ea9e48336a402551f52cd8f593343699003d2353daa4b72ce8d34f66b722070",
                "sha256:762e0c0c6b56bdedfef9a8e1d4538556438288c4276901ea008ae44091954e29",
                "sha256:7be91b2239af2658653c5bb6f1b8bccafaf08226a258caf78ce44710a0160d30",
                "sha256:7dea630156d39b02a63c18f508f85010230409db5b2927ba59c8ba4ab3e8272e",
                "sha256:867ef172a0976aaa1f1d1b63cf2090de8b636a7674607d514505fb7276ab08fc",
                "sha256:8d5ee6eec45f08ce507a6570e06f2f879b374a552087a4179ea7838edbcbfa42",
                "sha256:8e333040d069eba1652fb08962ec5b76af7f2c7bce1df7e1418c8055cf776f25",
                "sha256:a5ee121b60aa509679b682819c602579e1df14a5b07fe95671c8849aad8f2115",
                "sha256:a780033466159c2270531e2b8ac063704592a0bc62ec4a1b991c7c40705eb0e8",
                "sha256:a894f3816eb17b29e4783e5873f92faf55b710c2519e5c351767c51f79d8526d",
                "sha256:a8b740f5579ae4585831b3cf0e3b0425c667274f82a484866d2adf9570539369",
                "sha256:ad506d4b09e684394c42c966ec1527f6ebc25da7f4da4b1b056606ffe446b8a3",
                "sha256:afed2ce4a84f6b0fc6c1ce734ff368cbf5a5e24e8954a338f3bdffa0718adffb",
                "sha256:b0b5397374f32ec0649dd98c652a1798192042e715df918c20672c62fb52d4b8",
                "sha256:bada6058dd886061f10ea15f230ccf7dfff40572e99fef440a4a857c8728c9c0",
                "sha256:c4913079974eeb5c16ccfd2b1f09354b8fed7e0d6f2cab933104a09a6419b1ee",
                "sha256:c5bdf2015ccfcee8253fb8be695516ac4457c743473a43290fd36eba6a1777eb",
                "sha256:c6e0bf9d1a2f50d2b65a7cf56db37c095af17b59f6c132396f7c6d5dd76484df",
                "sha256:ce2ce9e5de4703a673e705183f64fd5da5bf36e7beddcb63a25ee2286e71ca48",
                "sha256:cfecc7822543abdea6de08758091da655ea2210b8ffa1faf116b940693d3df76",
                "sha256:d4580adadc53311b163444f877e0789f1c8861e2698f6b2a4ca852fda154f3ff",
                "sha256:d70f20df7f08b90a2062c1f07737dd340adccf2068d0f1b9b3d56e2038979fee",
                "sha256:e344eb79dab01f1e838ebb67aab09965fb271d6da6b00adda26328ac27d4a66e",
                "sha256:e610832418a2bc09d974cc9fecebfa51e9532d6190223bc5ef6a7402ebf3b5cb",
                "sha256:e772dda20a6002ef7061713dc1e2585bc1b534e7909b2030b5a46dae8ff077ab",
                "sha256:e7cbf5a5eafd8d230a3ce356d892512185230e4781a361229bd902ff403bc660",
                "sha256:eabd7e8740d494ce2b4ea0ff05afa1b7b291e978c0ae075487c51e8bd93c0c68",
                "sha256:ebb8603d45bc86bbd5edb0d63e52c5fd9e7945d3a503b77e486bd88dde67a19b",
                "sha256:ec0bdafa906f95adc9a0c6f26a4871fa753f25caaa0e032578a30457bff0af6a",
                "sha256:eccb9a159db9aed60800187bc47a6d3451553f0e1b08b068d8b277ddfbb9b244",
                "sha256:ee8340cb48c9b7a5899d1149eece41ca535513a9698098edbade2a8e7a84da77"
            ],
            "markers": "python_version >= '3.12'",
            "version": "==2.3.1"
        },
        "packaging": {
            "hashes": [
                "sha256:29572ef2b1f17581046b3a2227d5c611fb25ec70ca1ba8554b24b0e69331a484",
                "sha256:d443872c98d677bf60f6a1f2f8c1cb748e8fe762d2bf9d3148b5599295b0fc4f"
            ],
            "markers": "python_version >= '3.8'",
            "version": "==25.0"
        },
        "pandas": {
            "hashes": [
                "sha256:025e92411c16cbe5bb2a4abc99732a6b132f439b8aab23a59fa593eb00704232",
                "sha256:09e3b1587f0f3b0913e21e8b32c3119174551deb4a4eba4a89bc7377947977e7",
                "sha256:0a95b9ac964fe83ce317827f80304d37388ea77616b1425f0ae41c9d2d0d7bb2",
                "sha256:0f951fbb702dacd390561e0ea45cdd8ecfa7fb56935eb3dd78e306c19104b9b0",
                "sha256:1b916a627919a247d865aed068eb65eb91a344b13f5b57ab9f610b7716c92de1",
                "sha256:1c78cf43c8fde236342a1cb2c34bcff89564a7bfed7e474ed2fffa6aed03a956",
                "sha256:1d12f618d80379fde6af007f65f0c25bd3e40251dbd1636480dfffce2cf1e6da",
                "sha256:22c2e866f7209ebc3a8f08d75766566aae02bcc91d196935a1d9e59c7b990ac9",
                "sha256:2323294c73ed50f612f67e2bf3ae45aea04dce5690778e08a09391897f35ff88",
                "sha256:2b0540963d83431f5ce8870ea02a7430adca100cec8a050f0811f8e31035541b",
                "sha256:2ba6aff74075311fc88504b1db890187a3cd0f887a5b10f5525f8e2ef55bfdb9",
                "sha256:2eb789ae0274672acbd3c575b0598d213345660120a257b47b5dafdc618aec83",
                "sha256:2f4d6feeba91744872a600e6edbbd5b033005b431d5ae8379abee5bcfa479fab",
                "sha256:342e59589cc454aaff7484d75b816a433350b3d7964d7847327edda4d532a2e3",
                "sha256:3462c3735fe19f2638f2c3a40bd94ec2dc5ba13abbb032dd2fa1f540a075509d",
                "sha256:3583d348546201aff730c8c47e49bc159833f971c2899d6097bce68b9112a4f1",
                "sha256:4645f770f98d656f11c69e81aeb21c6fca076a44bed3dcbb9396a4311bc7f6d8",
                "sha256:4d544806b485ddf29e52d75b1f559142514e60ef58a832f74fb38e48d757b299",
                "sha256:56a342b231e8862c96bdb6ab97170e203ce511f4d0429589c8ede1ee8ece48b8",
                "sha256:5db9637dbc24b631ff3707269ae4559bce4b7fd75c1c4d7e13f40edc42df4444",
                "sha256:689968e841136f9e542020698ee1c4fbe9caa2ed2213ae2388dc7b81721510d3",
                "sha256:6de8547d4fdb12421e2d047a2c446c623ff4c11f47fddb6b9169eb98ffba485a",
                "sha256:6f3bf5ec947526106399a9e1d26d40ee2b259c66422efdf4de63c848492d91bb",
                "sha256:782647ddc63c83133b2506912cc6b108140a38a37292102aaa19c81c83db2928",
                "sha256:7dcb79bf373a47d2a40cf7232928eb7540155abbc460925c2c96d2d30b006eb4",
                "sha256:8dfc17328e8da77be3cf9f47509e5637ba8f137148ed0e9b5241e1baf526e20a",
                "sha256:9026bd4a80108fac2239294a15ef9003c4ee191a0f64b90f170b40cfb7cf2d22",
                "sha256:911580460fc4884d9b05254b38a6bfadddfcc6aaef856fb5859e7ca202e45275",
                "sha256:98bcc8b5bf7afed22cc753a28bc4d9e26e078e777066bc53fac7904ddef9a678",
                "sha256:9b7ff55f31c4fcb3e316e8f7fa194566b286d6ac430afec0d461163312c5841e",
                "sha256:ac942bfd0aca577bef61f2bc8da8147c4ef6879965ef883d8e8d5d2dc3e744b8",
                "sha256:b3cd4273d3cb3707b6fffd217204c52ed92859533e31dc03b7c5008aa933aaab",
                "sha256:b4b0de34dc8499c2db34000ef8baad684cfa4cbd836ecee05f323ebfba348c7d",
                "sha256:ca7ed14832bce68baef331f4d7f294411bed8efd032f8109d690df45e00c4679",
                "sha256:cd05b72ec02ebfb993569b4931b2e16fbb4d6ad6ce80224a3ee838387d83a191",
                "sha256:dd71c47a911da120d72ef173aeac0bf5241423f9bfea57320110a978457e069e",
                "sha256:e5635178b387bd2ba4ac040f82bc2ef6e6b500483975c4ebacd34bec945fda12",
                "sha256:e6723a27ad7b244c0c79d8e7007092d7c8f0f11305770e2f4cd778b3ad5f9f85",
                "sha256:ec6c851509364c59a5344458ab935e6451b31b818be467eb24b0fe89bd05b6b9",
                "sha256:fe37e757f462d31a9cd7580236a82f353f5713a80e059a29753cf938c6775d96",
                "sha256:fe67dc676818c186d5a3d5425250e40f179c2a89145df477dd82945eaea89e97",
                "sha256:fe7317f578c6a153912bd2292f02e40c1d8f253e93c599e82620c7f69755c74f"
            ],
            "markers": "python_version >= '3.9'",
            "version": "==2.3.1"
        },
        "protobuf": {
            "hashes": [
                "sha256:0414e3aa5a5f3ff423828e1e6a6e907d6c65c1d5b7e6e975793d5590bdeecc16",
                "sha256:426f59d2964864a1a366254fa703b8632dcec0790d8862d30034d8245e1cd447",
                "sha256:4ee898bf66f7a8b0bd21bce523814e6fbd8c6add948045ce958b73af7e8878c6",
                "sha256:6f1227473dc43d44ed644425268eb7c2e488ae245d51c6866d19fe158e207402",
                "sha256:720a6c7e6b77288b85063569baae8536671b39f15cc22037ec7045658d80489e",
                "sha256:7fa17d5a29c2e04b7d90e5e32388b8bfd0e7107cd8e616feef7ed3fa6bdab5c9",
                "sha256:8764cf4587791e7564051b35524b72844f845ad0bb011704c3736cce762d8fe9",
                "sha256:a40fc12b84c154884d7d4c4ebd675d5b3b5283e155f324049ae396b95ddebc39",
                "sha256:d8cac4c982f0b957a4dc73a80e2ea24fab08e679c0de9deb835f4a12d69aca9a"
            ],
            "markers": "python_version >= '3.9'",
            "version": "==6.31.1"
        },
        "python-dateutil": {
            "hashes": [
                "sha256:37dd54208da7e1cd875388217d5e00ebd4179249f90fb72437e91a35459a0ad3",
                "sha256:a8b2bc7bffae282281c8140a97d3aa9c14da0b136dfe83f850eea9a5f7470427"
            ],
            "markers": "python_version >= '2.7' and python_version not in '3.0, 3.1, 3.2'",
            "version": "==2.9.0.post0"
        },
        "pytz": {
            "hashes": [
                "sha256:360b9e3dbb49a209c21ad61809c7fb453643e048b38924c765813546746e81c3",
                "sha256:5ddf76296dd8c44c26eb8f4b6f35488f3ccbf6fbbd7adee0b7262d43f0ec2f00"
            ],
            "version": "==2025.2"
        },
        "setuptools": {
            "hashes": [
                "sha256:062d34222ad13e0cc312a4c02d73f059e86a4acbfbdea8f8f76b28c99f306922",
                "sha256:f36b47402ecde768dbfafc46e8e4207b4360c654f1f3bb84475f0a28628fb19c"
            ],
            "markers": "python_version >= '3.9'",
            "version": "==80.9.0"
        },
        "six": {
            "hashes": [
                "sha256:4721f391ed90541fddacab5acf947aa0d3dc7d27b2e1e8eda2be8970586c3274",
                "sha256:ff70335d468e7eb6ec65b95b99d3a2836546063f63acc5171de367e834932a81"
            ],
            "markers": "python_version >= '2.7' and python_version not in '3.0, 3.1, 3.2'",
            "version": "==1.17.0"
        },
        "tensorboard": {
            "hashes": [
                "sha256:5e71b98663a641a7ce8a6e70b0be8e1a4c0c45d48760b076383ac4755c35b9a0"
            ],
            "markers": "python_version >= '3.9'",
            "version": "==2.19.0"
        },
        "tensorboard-data-server": {
            "hashes": [
                "sha256:7e0610d205889588983836ec05dc098e80f97b7e7bbff7e994ebb78f578d0ddb",
                "sha256:9fe5d24221b29625dbc7328b0436ca7fc1c23de4acf4d272f1180856e32f9f60",
                "sha256:ef687163c24185ae9754ed5650eb5bc4d84ff257aabdc33f0cc6f74d8ba54530"
            ],
            "markers": "python_version >= '3.7'",
            "version": "==0.7.2"
        },
        "torch-tb-profiler": {
            "hashes": [
                "sha256:207a49b05572dd983e4ab29eb5e0fcadd60374a8f93c78ec638217e8d18788dc",
                "sha256:8b8d29b2de960b3c4423087b23cec29beaf9ac3a8c7b046c18fd25b218f726b1"
            ],
            "index": "pypi",
            "markers": "python_full_version >= '3.6.2'",
            "version": "==0.4.3"
        },
        "tzdata": {
            "hashes": [
                "sha256:1a403fada01ff9221ca8044d701868fa132215d84beb92242d9acd2147f667a8",
                "sha256:b60a638fcc0daffadf82fe0f57e53d06bdec2f36c4df66280ae79bce6bd6f2b9"
            ],
            "markers": "python_version >= '2'",
            "version": "==2025.2"
        },
        "werkzeug": {
            "hashes": [
                "sha256:54b78bf3716d19a65be4fceccc0d1d7b89e608834989dfae50ea87564639213e",
                "sha256:60723ce945c19328679790e3282cc758aa4a6040e4bb330f53d30fa546d44746"
            ],
            "markers": "python_version >= '3.9'",
            "version": "==3.1.3"
        }
    }
}
